GEM
  remote: https://rubygems.org/
  specs:
    terminal-table (4.0.0)
      unicode-display_width (>= 1.1.1, < 4)
    unicode-display_width (3.2.0)
      unicode-emoji (~> 4.1)
    unicode-emoji (4.2.0)

PLATFORMS
  x86_64-linux-gnu

DEPENDENCIES
  terminal-table

RUBY VERSION
   ruby 3.2.3p157

BUNDLED WITH
   2.4.20
